version = 1
requires-python = ">=3.12"

[[package]]
name = "organizer"
version = "0.1.0"
source = { virtual = "." }
dependencies = [
    { name = "pyglet" },
]

[package.metadata]
requires-dist = [{ name = "pyglet", specifier = ">=2.0.18" }]

[[package]]
name = "pyglet"
version = "2.0.18"
source = { registry = "https://pypi.org/simple" }
sdist = { url = "https://files.pythonhosted.org/packages/02/f5/2e29be2bf0cbf32ffc5eec0b3ce01cc271428c33f452ce69629ab61556d0/pyglet-2.0.18.tar.gz", hash = "sha256:7cf9238d70082a2da282759679f8a011cc979753a32224a8ead8ed80e48f99dc", size = 6483782 }
wheels = [
    { url = "https://files.pythonhosted.org/packages/2a/03/17a5cc013b9dbe531f5e64e026f7ec4143ffcd77ae055a0c07e6211cb3d6/pyglet-2.0.18-py3-none-any.whl", hash = "sha256:e592952ae0297e456c587b6486ed8c3e5f9d0c3519d517bb92dde5fdf4c26b41", size = 941096 },
]
